
Microsoft Visual Studio Solution File, Format Version 12.00
# Visual Studio Version 16
VisualStudioVersion = 16.0.29409.12
MinimumVisualStudioVersion = 10.0.40219.1
Project("{FAE04EC0-301F-11D3-BF4B-00C04F79EFBC}") = "PS2-ChavezLopezEduardoGuillermo", "PS2-ChavezLopezEduardoGuillermo\PS2-ChavezLopezEduardoGuillermo.csproj", "{A2EA925E-1640-4EA9-8367-C5406B80427C}"
EndProject
Global
	GlobalSection(SolutionConfigurationPlatforms) = preSolution
		Debug|Any CPU = Debug|Any CPU
		Release|Any CPU = Release|Any CPU
	EndGlobalSection
	GlobalSection(ProjectConfigurationPlatforms) = postSolution
		{A2EA925E-1640-4EA9-8367-C5406B80427C}.Debug|Any CPU.ActiveCfg = Debug|Any CPU
		{A2EA925E-1640-4EA9-8367-C5406B80427C}.Debug|Any CPU.Build.0 = Debug|Any CPU
		{A2EA925E-1640-4EA9-8367-C5406B80427C}.Release|Any CPU.ActiveCfg = Release|Any CPU
		{A2EA925E-1640-4EA9-8367-C5406B80427C}.Release|Any CPU.Build.0 = Release|Any CPU
	EndGlobalSection
	GlobalSection(SolutionProperties) = preSolution
		HideSolutionNode = FALSE
	EndGlobalSection
	GlobalSection(ExtensibilityGlobals) = postSolution
		SolutionGuid = {18F5B2B1-CF19-402F-B5F8-38C30D0A6747}
	EndGlobalSection
EndGlobal
